// !$*UTF8*$!
{
	archiveVersion = 1;
	classes = {
	};
	objectVersion = 50;
	objects = {

/* Begin PBXBuildFile section */
		0B973A497DB2BE96E64F5405 /* Pods_Fyber_FairBid.framework in Frameworks */ = {isa = PBXBuildFile; fileRef = 41E97D5AB086873CDC0F96AF /* Pods_Fyber_FairBid.framework */; };
		11F8A9432247E91400A816F2 /* AppDelegate.swift in Sources */ = {isa = PBXBuildFile; fileRef = 11F8A9422247E91400A816F2 /* AppDelegate.swift */; };
		11F8A9452247E91400A816F2 /* ViewController.swift in Sources */ = {isa = PBXBuildFile; fileRef = 11F8A9442247E91400A816F2 /* ViewController.swift */; };
		11F8A9482247E91400A816F2 /* Main.storyboard in Resources */ = {isa = PBXBuildFile; fileRef = 11F8A9462247E91400A816F2 /* Main.storyboard */; };
		11F8A94A2247E91500A816F2 /* Assets.xcassets in Resources */ = {isa = PBXBuildFile; fileRef = 11F8A9492247E91500A816F2 /* Assets.xcassets */; };
		11F8A94D2247E91500A816F2 /* LaunchScreen.storyboard in Resources */ = {isa = PBXBuildFile; fileRef = 11F8A94B2247E91500A816F2 /* LaunchScreen.storyboard */; };
		11F8A9582247E91500A816F2 /* Fyber_FairBidTests.swift in Sources */ = {isa = PBXBuildFile; fileRef = 11F8A9572247E91500A816F2 /* Fyber_FairBidTests.swift */; };
		11F8A9632247E91500A816F2 /* Fyber_FairBidUITests.swift in Sources */ = {isa = PBXBuildFile; fileRef = 11F8A9622247E91500A816F2 /* Fyber_FairBidUITests.swift */; };
		2A51AF33225DE72900F07231 /* FairBidSDK.framework in Frameworks */ = {isa = PBXBuildFile; fileRef = 2A51AF2A225DE17000F07231 /* FairBidSDK.framework */; };
		2A528C242255FE0100AD37E7 /* banner_icon.png in Resources */ = {isa = PBXBuildFile; fileRef = 2A528C212255FE0100AD37E7 /* banner_icon.png */; };
		2A528C252255FE0100AD37E7 /* interstitial_icon.png in Resources */ = {isa = PBXBuildFile; fileRef = 2A528C222255FE0100AD37E7 /* interstitial_icon.png */; };
		2A528C262255FE0100AD37E7 /* rewarded_icon.png in Resources */ = {isa = PBXBuildFile; fileRef = 2A528C232255FE0100AD37E7 /* rewarded_icon.png */; };
		2A528C30225640EC00AD37E7 /* test_suite.png in Resources */ = {isa = PBXBuildFile; fileRef = 2A528C2F225640EC00AD37E7 /* test_suite.png */; };
		2A528C3C22564EE800AD37E7 /* Fyber Logo.png in Resources */ = {isa = PBXBuildFile; fileRef = 2A528C3B22564EE700AD37E7 /* Fyber Logo.png */; };
		2A528C63225A39E300AD37E7 /* AdsScreenViewController.swift in Sources */ = {isa = PBXBuildFile; fileRef = 2A528C62225A39E300AD37E7 /* AdsScreenViewController.swift */; };
/* End PBXBuildFile section */

/* Begin PBXContainerItemProxy section */
		11F8A9542247E91500A816F2 /* PBXContainerItemProxy */ = {
			isa = PBXContainerItemProxy;
			containerPortal = 11F8A9372247E91400A816F2 /* Project object */;
			proxyType = 1;
			remoteGlobalIDString = 11F8A93E2247E91400A816F2;
			remoteInfo = "Fyber FairBid";
		};
		11F8A95F2247E91500A816F2 /* PBXContainerItemProxy */ = {
			isa = PBXContainerItemProxy;
			containerPortal = 11F8A9372247E91400A816F2 /* Project object */;
			proxyType = 1;
			remoteGlobalIDString = 11F8A93E2247E91400A816F2;
			remoteInfo = "Fyber FairBid";
		};
/* End PBXContainerItemProxy section */

/* Begin PBXFileReference section */
		11F8A93F2247E91400A816F2 /* Fyber FairBid.app */ = {isa = PBXFileReference; explicitFileType = wrapper.application; includeInIndex = 0; path = "Fyber FairBid.app"; sourceTree = BUILT_PRODUCTS_DIR; };
		11F8A9422247E91400A816F2 /* AppDelegate.swift */ = {isa = PBXFileReference; lastKnownFileType = sourcecode.swift; path = AppDelegate.swift; sourceTree = "<group>"; };
		11F8A9442247E91400A816F2 /* ViewController.swift */ = {isa = PBXFileReference; lastKnownFileType = sourcecode.swift; path = ViewController.swift; sourceTree = "<group>"; };
		11F8A9472247E91400A816F2 /* Base */ = {isa = PBXFileReference; lastKnownFileType = file.storyboard; name = Base; path = Base.lproj/Main.storyboard; sourceTree = "<group>"; };
		11F8A9492247E91500A816F2 /* Assets.xcassets */ = {isa = PBXFileReference; lastKnownFileType = folder.assetcatalog; path = Assets.xcassets; sourceTree = "<group>"; };
		11F8A94C2247E91500A816F2 /* Base */ = {isa = PBXFileReference; lastKnownFileType = file.storyboard; name = Base; path = Base.lproj/LaunchScreen.storyboard; sourceTree = "<group>"; };
		11F8A94E2247E91500A816F2 /* Info.plist */ = {isa = PBXFileReference; lastKnownFileType = text.plist.xml; path = Info.plist; sourceTree = "<group>"; };
		11F8A9532247E91500A816F2 /* Fyber FairBidTests.xctest */ = {isa = PBXFileReference; explicitFileType = wrapper.cfbundle; includeInIndex = 0; path = "Fyber FairBidTests.xctest"; sourceTree = BUILT_PRODUCTS_DIR; };
		11F8A9572247E91500A816F2 /* Fyber_FairBidTests.swift */ = {isa = PBXFileReference; lastKnownFileType = sourcecode.swift; path = Fyber_FairBidTests.swift; sourceTree = "<group>"; };
		11F8A9592247E91500A816F2 /* Info.plist */ = {isa = PBXFileReference; lastKnownFileType = text.plist.xml; path = Info.plist; sourceTree = "<group>"; };
		11F8A95E2247E91500A816F2 /* Fyber FairBidUITests.xctest */ = {isa = PBXFileReference; explicitFileType = wrapper.cfbundle; includeInIndex = 0; path = "Fyber FairBidUITests.xctest"; sourceTree = BUILT_PRODUCTS_DIR; };
		11F8A9622247E91500A816F2 /* Fyber_FairBidUITests.swift */ = {isa = PBXFileReference; lastKnownFileType = sourcecode.swift; path = Fyber_FairBidUITests.swift; sourceTree = "<group>"; };
		11F8A9642247E91500A816F2 /* Info.plist */ = {isa = PBXFileReference; lastKnownFileType = text.plist.xml; path = Info.plist; sourceTree = "<group>"; };
		2A51AF2A225DE17000F07231 /* FairBidSDK.framework */ = {isa = PBXFileReference; lastKnownFileType = wrapper.framework; name = FairBidSDK.framework; path = Pods/FairBidSDK/FairBidSDK.framework; sourceTree = "<group>"; };
		2A51AF34225DE77300F07231 /* FyberFairBid-Bridging-Header.h */ = {isa = PBXFileReference; fileEncoding = 4; lastKnownFileType = sourcecode.c.h; path = "FyberFairBid-Bridging-Header.h"; sourceTree = "<group>"; };
		2A528C212255FE0100AD37E7 /* banner_icon.png */ = {isa = PBXFileReference; lastKnownFileType = image.png; path = banner_icon.png; sourceTree = "<group>"; };
		2A528C222255FE0100AD37E7 /* interstitial_icon.png */ = {isa = PBXFileReference; lastKnownFileType = image.png; path = interstitial_icon.png; sourceTree = "<group>"; };
		2A528C232255FE0100AD37E7 /* rewarded_icon.png */ = {isa = PBXFileReference; lastKnownFileType = image.png; path = rewarded_icon.png; sourceTree = "<group>"; };
		2A528C2F225640EC00AD37E7 /* test_suite.png */ = {isa = PBXFileReference; lastKnownFileType = image.png; path = test_suite.png; sourceTree = "<group>"; };
		2A528C3B22564EE700AD37E7 /* Fyber Logo.png */ = {isa = PBXFileReference; lastKnownFileType = image.png; path = "Fyber Logo.png"; sourceTree = "<group>"; };
		2A528C62225A39E300AD37E7 /* AdsScreenViewController.swift */ = {isa = PBXFileReference; lastKnownFileType = sourcecode.swift; path = AdsScreenViewController.swift; sourceTree = "<group>"; };
		380B58A929F8204E4CEC1219 /* Pods-Fyber FairBid.debug.xcconfig */ = {isa = PBXFileReference; includeInIndex = 1; lastKnownFileType = text.xcconfig; name = "Pods-Fyber FairBid.debug.xcconfig"; path = "Target Support Files/Pods-Fyber FairBid/Pods-Fyber FairBid.debug.xcconfig"; sourceTree = "<group>"; };
		41E97D5AB086873CDC0F96AF /* Pods_Fyber_FairBid.framework */ = {isa = PBXFileReference; explicitFileType = wrapper.framework; includeInIndex = 0; path = Pods_Fyber_FairBid.framework; sourceTree = BUILT_PRODUCTS_DIR; };
		B2F697F776F7D25834E2C824 /* Pods-Fyber FairBid.release.xcconfig */ = {isa = PBXFileReference; includeInIndex = 1; lastKnownFileType = text.xcconfig; name = "Pods-Fyber FairBid.release.xcconfig"; path = "Target Support Files/Pods-Fyber FairBid/Pods-Fyber FairBid.release.xcconfig"; sourceTree = "<group>"; };
/* End PBXFileReference section */

/* Begin PBXFrameworksBuildPhase section */
		11F8A93C2247E91400A816F2 /* Frameworks */ = {
			isa = PBXFrameworksBuildPhase;
			buildActionMask = 2147483647;
			files = (
				2A51AF33225DE72900F07231 /* FairBidSDK.framework in Frameworks */,
				0B973A497DB2BE96E64F5405 /* Pods_Fyber_FairBid.framework in Frameworks */,
			);
			runOnlyForDeploymentPostprocessing = 0;
		};
		11F8A9502247E91500A816F2 /* Frameworks */ = {
			isa = PBXFrameworksBuildPhase;
			buildActionMask = 2147483647;
			files = (
			);
			runOnlyForDeploymentPostprocessing = 0;
		};
		11F8A95B2247E91500A816F2 /* Frameworks */ = {
			isa = PBXFrameworksBuildPhase;
			buildActionMask = 2147483647;
			files = (
			);
			runOnlyForDeploymentPostprocessing = 0;
		};
/* End PBXFrameworksBuildPhase section */

/* Begin PBXGroup section */
		11F8A9362247E91400A816F2 = {
			isa = PBXGroup;
			children = (
				11F8A9412247E91400A816F2 /* Fyber FairBid */,
				11F8A9562247E91500A816F2 /* Fyber FairBidTests */,
				11F8A9612247E91500A816F2 /* Fyber FairBidUITests */,
				11F8A9402247E91400A816F2 /* Products */,
				ED7F5DBC58E9B52268A8B83C /* Pods */,
				9A140B4555DE3491D2F51FF4 /* Frameworks */,
			);
			sourceTree = "<group>";
		};
		11F8A9402247E91400A816F2 /* Products */ = {
			isa = PBXGroup;
			children = (
				11F8A93F2247E91400A816F2 /* Fyber FairBid.app */,
				11F8A9532247E91500A816F2 /* Fyber FairBidTests.xctest */,
				11F8A95E2247E91500A816F2 /* Fyber FairBidUITests.xctest */,
			);
			name = Products;
			sourceTree = "<group>";
		};
		11F8A9412247E91400A816F2 /* Fyber FairBid */ = {
			isa = PBXGroup;
			children = (
				2A51AF34225DE77300F07231 /* FyberFairBid-Bridging-Header.h */,
				11F8A9422247E91400A816F2 /* AppDelegate.swift */,
				11F8A9442247E91400A816F2 /* ViewController.swift */,
				2A528C62225A39E300AD37E7 /* AdsScreenViewController.swift */,
				11F8A9462247E91400A816F2 /* Main.storyboard */,
				11F8A9492247E91500A816F2 /* Assets.xcassets */,
				11F8A94B2247E91500A816F2 /* LaunchScreen.storyboard */,
				11F8A94E2247E91500A816F2 /* Info.plist */,
				2A528C202255FCDE00AD37E7 /* Assets */,
			);
			path = "Fyber FairBid";
			sourceTree = "<group>";
		};
		11F8A9562247E91500A816F2 /* Fyber FairBidTests */ = {
			isa = PBXGroup;
			children = (
				11F8A9572247E91500A816F2 /* Fyber_FairBidTests.swift */,
				11F8A9592247E91500A816F2 /* Info.plist */,
			);
			path = "Fyber FairBidTests";
			sourceTree = "<group>";
		};
		11F8A9612247E91500A816F2 /* Fyber FairBidUITests */ = {
			isa = PBXGroup;
			children = (
				11F8A9622247E91500A816F2 /* Fyber_FairBidUITests.swift */,
				11F8A9642247E91500A816F2 /* Info.plist */,
			);
			path = "Fyber FairBidUITests";
			sourceTree = "<group>";
		};
		2A528C202255FCDE00AD37E7 /* Assets */ = {
			isa = PBXGroup;
			children = (
				2A528C212255FE0100AD37E7 /* banner_icon.png */,
				2A528C222255FE0100AD37E7 /* interstitial_icon.png */,
				2A528C232255FE0100AD37E7 /* rewarded_icon.png */,
				2A528C2F225640EC00AD37E7 /* test_suite.png */,
				2A528C3B22564EE700AD37E7 /* Fyber Logo.png */,
			);
			path = Assets;
			sourceTree = "<group>";
		};
		9A140B4555DE3491D2F51FF4 /* Frameworks */ = {
			isa = PBXGroup;
			children = (
				2A51AF2A225DE17000F07231 /* FairBidSDK.framework */,
				41E97D5AB086873CDC0F96AF /* Pods_Fyber_FairBid.framework */,
			);
			name = Frameworks;
			sourceTree = "<group>";
		};
		ED7F5DBC58E9B52268A8B83C /* Pods */ = {
			isa = PBXGroup;
			children = (
				380B58A929F8204E4CEC1219 /* Pods-Fyber FairBid.debug.xcconfig */,
				B2F697F776F7D25834E2C824 /* Pods-Fyber FairBid.release.xcconfig */,
			);
			path = Pods;
			sourceTree = "<group>";
		};
/* End PBXGroup section */

/* Begin PBXNativeTarget section */
		11F8A93E2247E91400A816F2 /* Fyber FairBid */ = {
			isa = PBXNativeTarget;
			buildConfigurationList = 11F8A9672247E91500A816F2 /* Build configuration list for PBXNativeTarget "Fyber FairBid" */;
			buildPhases = (
				E9A0FD4265DDD59860DBAA37 /* [CP] Check Pods Manifest.lock */,
				11F8A93B2247E91400A816F2 /* Sources */,
				11F8A93C2247E91400A816F2 /* Frameworks */,
				11F8A93D2247E91400A816F2 /* Resources */,
				A415FC57FF28C3BC30AFADAE /* [CP] Copy Pods Resources */,
			);
			buildRules = (
			);
			dependencies = (
			);
			name = "Fyber FairBid";
			productName = "Fyber FairBid";
			productReference = 11F8A93F2247E91400A816F2 /* Fyber FairBid.app */;
			productType = "com.apple.product-type.application";
		};
		11F8A9522247E91500A816F2 /* Fyber FairBidTests */ = {
			isa = PBXNativeTarget;
			buildConfigurationList = 11F8A96A2247E91500A816F2 /* Build configuration list for PBXNativeTarget "Fyber FairBidTests" */;
			buildPhases = (
				11F8A94F2247E91500A816F2 /* Sources */,
				11F8A9502247E91500A816F2 /* Frameworks */,
				11F8A9512247E91500A816F2 /* Resources */,
			);
			buildRules = (
			);
			dependencies = (
				11F8A9552247E91500A816F2 /* PBXTargetDependency */,
			);
			name = "Fyber FairBidTests";
			productName = "Fyber FairBidTests";
			productReference = 11F8A9532247E91500A816F2 /* Fyber FairBidTests.xctest */;
			productType = "com.apple.product-type.bundle.unit-test";
		};
		11F8A95D2247E91500A816F2 /* Fyber FairBidUITests */ = {
			isa = PBXNativeTarget;
			buildConfigurationList = 11F8A96D2247E91500A816F2 /* Build configuration list for PBXNativeTarget "Fyber FairBidUITests" */;
			buildPhases = (
				11F8A95A2247E91500A816F2 /* Sources */,
				11F8A95B2247E91500A816F2 /* Frameworks */,
				11F8A95C2247E91500A816F2 /* Resources */,
			);
			buildRules = (
			);
			dependencies = (
				11F8A9602247E91500A816F2 /* PBXTargetDependency */,
			);
			name = "Fyber FairBidUITests";
			productName = "Fyber FairBidUITests";
			productReference = 11F8A95E2247E91500A816F2 /* Fyber FairBidUITests.xctest */;
			productType = "com.apple.product-type.bundle.ui-testing";
		};
/* End PBXNativeTarget section */

/* Begin PBXProject section */
		11F8A9372247E91400A816F2 /* Project object */ = {
			isa = PBXProject;
			attributes = {
				LastSwiftUpdateCheck = 1010;
				LastUpgradeCheck = 1010;
				ORGANIZATIONNAME = Fyber;
				TargetAttributes = {
					11F8A93E2247E91400A816F2 = {
						CreatedOnToolsVersion = 10.1;
					};
					11F8A9522247E91500A816F2 = {
						CreatedOnToolsVersion = 10.1;
						TestTargetID = 11F8A93E2247E91400A816F2;
					};
					11F8A95D2247E91500A816F2 = {
						CreatedOnToolsVersion = 10.1;
						TestTargetID = 11F8A93E2247E91400A816F2;
					};
				};
			};
			buildConfigurationList = 11F8A93A2247E91400A816F2 /* Build configuration list for PBXProject "Fyber FairBid" */;
			compatibilityVersion = "Xcode 9.3";
			developmentRegion = en;
			hasScannedForEncodings = 0;
			knownRegions = (
				en,
				Base,
			);
			mainGroup = 11F8A9362247E91400A816F2;
			productRefGroup = 11F8A9402247E91400A816F2 /* Products */;
			projectDirPath = "";
			projectRoot = "";
			targets = (
				11F8A93E2247E91400A816F2 /* Fyber FairBid */,
				11F8A9522247E91500A816F2 /* Fyber FairBidTests */,
				11F8A95D2247E91500A816F2 /* Fyber FairBidUITests */,
			);
		};
/* End PBXProject section */

/* Begin PBXResourcesBuildPhase section */
		11F8A93D2247E91400A816F2 /* Resources */ = {
			isa = PBXResourcesBuildPhase;
			buildActionMask = 2147483647;
			files = (
				2A528C242255FE0100AD37E7 /* banner_icon.png in Resources */,
				2A528C30225640EC00AD37E7 /* test_suite.png in Resources */,
				2A528C3C22564EE800AD37E7 /* Fyber Logo.png in Resources */,
				11F8A94D2247E91500A816F2 /* LaunchScreen.storyboard in Resources */,
				2A528C262255FE0100AD37E7 /* rewarded_icon.png in Resources */,
				2A528C252255FE0100AD37E7 /* interstitial_icon.png in Resources */,
				11F8A94A2247E91500A816F2 /* Assets.xcassets in Resources */,
				11F8A9482247E91400A816F2 /* Main.storyboard in Resources */,
			);
			runOnlyForDeploymentPostprocessing = 0;
		};
		11F8A9512247E91500A816F2 /* Resources */ = {
			isa = PBXResourcesBuildPhase;
			buildActionMask = 2147483647;
			files = (
			);
			runOnlyForDeploymentPostprocessing = 0;
		};
		11F8A95C2247E91500A816F2 /* Resources */ = {
			isa = PBXResourcesBuildPhase;
			buildActionMask = 2147483647;
			files = (
			);
			runOnlyForDeploymentPostprocessing = 0;
		};
/* End PBXResourcesBuildPhase section */

/* Begin PBXShellScriptBuildPhase section */
		A415FC57FF28C3BC30AFADAE /* [CP] Copy Pods Resources */ = {
			isa = PBXShellScriptBuildPhase;
			buildActionMask = 2147483647;
			files = (
			);
			inputFileListPaths = (
			);
			inputPaths = (
				"${PODS_ROOT}/Target Support Files/Pods-Fyber FairBid/Pods-Fyber FairBid-resources.sh",
				"${PODS_ROOT}/FairBidSDK/FairBidSDKResources.bundle",
				"${PODS_ROOT}/FairBidSDK/IASDKResources.bundle",
			);
			name = "[CP] Copy Pods Resources";
			outputFileListPaths = (
			);
			outputPaths = (
				"${TARGET_BUILD_DIR}/${UNLOCALIZED_RESOURCES_FOLDER_PATH}/FairBidSDKResources.bundle",
				"${TARGET_BUILD_DIR}/${UNLOCALIZED_RESOURCES_FOLDER_PATH}/IASDKResources.bundle",
			);
			runOnlyForDeploymentPostprocessing = 0;
			shellPath = /bin/sh;
			shellScript = "\"${PODS_ROOT}/Target Support Files/Pods-Fyber FairBid/Pods-Fyber FairBid-resources.sh\"\n";
			showEnvVarsInLog = 0;
		};
		E9A0FD4265DDD59860DBAA37 /* [CP] Check Pods Manifest.lock */ = {
			isa = PBXShellScriptBuildPhase;
			buildActionMask = 2147483647;
			files = (
			);
			inputFileListPaths = (
			);
			inputPaths = (
				"${PODS_PODFILE_DIR_PATH}/Podfile.lock",
				"${PODS_ROOT}/Manifest.lock",
			);
			name = "[CP] Check Pods Manifest.lock";
			outputFileListPaths = (
			);
			outputPaths = (
				"$(DERIVED_FILE_DIR)/Pods-Fyber FairBid-checkManifestLockResult.txt",
			);
			runOnlyForDeploymentPostprocessing = 0;
			shellPath = /bin/sh;
			shellScript = "diff \"${PODS_PODFILE_DIR_PATH}/Podfile.lock\" \"${PODS_ROOT}/Manifest.lock\" > /dev/null\nif [ $? != 0 ] ; then\n    # print error to STDERR\n    echo \"error: The sandbox is not in sync with the Podfile.lock. Run 'pod install' or update your CocoaPods installation.\" >&2\n    exit 1\nfi\n# This output is used by Xcode 'outputs' to avoid re-running this script phase.\necho \"SUCCESS\" > \"${SCRIPT_OUTPUT_FILE_0}\"\n";
			showEnvVarsInLog = 0;
		};
/* End PBXShellScriptBuildPhase section */

/* Begin PBXSourcesBuildPhase section */
		11F8A93B2247E91400A816F2 /* Sources */ = {
			isa = PBXSourcesBuildPhase;
			buildActionMask = 2147483647;
			files = (
				11F8A9452247E91400A816F2 /* ViewController.swift in Sources */,
				11F8A9432247E91400A816F2 /* AppDelegate.swift in Sources */,
				2A528C63225A39E300AD37E7 /* AdsScreenViewController.swift in Sources */,
			);
			runOnlyForDeploymentPostprocessing = 0;
		};
		11F8A94F2247E91500A816F2 /* Sources */ = {
			isa = PBXSourcesBuildPhase;
			buildActionMask = 2147483647;
			files = (
				11F8A9582247E91500A816F2 /* Fyber_FairBidTests.swift in Sources */,
			);
			runOnlyForDeploymentPostprocessing = 0;
		};
		11F8A95A2247E91500A816F2 /* Sources */ = {
			isa = PBXSourcesBuildPhase;
			buildActionMask = 2147483647;
			files = (
				11F8A9632247E91500A816F2 /* Fyber_FairBidUITests.swift in Sources */,
			);
			runOnlyForDeploymentPostprocessing = 0;
		};
/* End PBXSourcesBuildPhase section */

/* Begin PBXTargetDependency section */
		11F8A9552247E91500A816F2 /* PBXTargetDependency */ = {
			isa = PBXTargetDependency;
			target = 11F8A93E2247E91400A816F2 /* Fyber FairBid */;
			targetProxy = 11F8A9542247E91500A816F2 /* PBXContainerItemProxy */;
		};
		11F8A9602247E91500A816F2 /* PBXTargetDependency */ = {
			isa = PBXTargetDependency;
			target = 11F8A93E2247E91400A816F2 /* Fyber FairBid */;
			targetProxy = 11F8A95F2247E91500A816F2 /* PBXContainerItemProxy */;
		};
/* End PBXTargetDependency section */

/* Begin PBXVariantGroup section */
		11F8A9462247E91400A816F2 /* Main.storyboard */ = {
			isa = PBXVariantGroup;
			children = (
				11F8A9472247E91400A816F2 /* Base */,
			);
			name = Main.storyboard;
			sourceTree = "<group>";
		};
		11F8A94B2247E91500A816F2 /* LaunchScreen.storyboard */ = {
			isa = PBXVariantGroup;
			children = (
				11F8A94C2247E91500A816F2 /* Base */,
			);
			name = LaunchScreen.storyboard;
			sourceTree = "<group>";
		};
/* End PBXVariantGroup section */

/* Begin XCBuildConfiguration section */
		11F8A9652247E91500A816F2 /* Debug */ = {
			isa = XCBuildConfiguration;
			buildSettings = {
				ALWAYS_SEARCH_USER_PATHS = NO;
				CLANG_ANALYZER_NONNULL = YES;
				CLANG_ANALYZER_NUMBER_OBJECT_CONVERSION = YES_AGGRESSIVE;
				CLANG_CXX_LANGUAGE_STANDARD = "gnu++14";
				CLANG_CXX_LIBRARY = "libc++";
				CLANG_ENABLE_MODULES = YES;
				CLANG_ENABLE_OBJC_ARC = YES;
				CLANG_ENABLE_OBJC_WEAK = YES;
				CLANG_WARN_BLOCK_CAPTURE_AUTORELEASING = YES;
				CLANG_WARN_BOOL_CONVERSION = YES;
				CLANG_WARN_COMMA = YES;
				CLANG_WARN_CONSTANT_CONVERSION = YES;
				CLANG_WARN_DEPRECATED_OBJC_IMPLEMENTATIONS = YES;
				CLANG_WARN_DIRECT_OBJC_ISA_USAGE = YES_ERROR;
				CLANG_WARN_DOCUMENTATION_COMMENTS = YES;
				CLANG_WARN_EMPTY_BODY = YES;
				CLANG_WARN_ENUM_CONVERSION = YES;
				CLANG_WARN_INFINITE_RECURSION = YES;
				CLANG_WARN_INT_CONVERSION = YES;
				CLANG_WARN_NON_LITERAL_NULL_CONVERSION = YES;
				CLANG_WARN_OBJC_IMPLICIT_RETAIN_SELF = YES;
				CLANG_WARN_OBJC_LITERAL_CONVERSION = YES;
				CLANG_WARN_OBJC_ROOT_CLASS = YES_ERROR;
				CLANG_WARN_RANGE_LOOP_ANALYSIS = YES;
				CLANG_WARN_STRICT_PROTOTYPES = YES;
				CLANG_WARN_SUSPICIOUS_MOVE = YES;
				CLANG_WARN_UNGUARDED_AVAILABILITY = YES_AGGRESSIVE;
				CLANG_WARN_UNREACHABLE_CODE = YES;
				CLANG_WARN__DUPLICATE_METHOD_MATCH = YES;
				CODE_SIGN_IDENTITY = "iPhone Developer";
				COPY_PHASE_STRIP = NO;
				DEBUG_INFORMATION_FORMAT = dwarf;
				ENABLE_STRICT_OBJC_MSGSEND = YES;
				ENABLE_TESTABILITY = YES;
				GCC_C_LANGUAGE_STANDARD = gnu11;
				GCC_DYNAMIC_NO_PIC = NO;
				GCC_NO_COMMON_BLOCKS = YES;
				GCC_OPTIMIZATION_LEVEL = 0;
				GCC_PREPROCESSOR_DEFINITIONS = (
					"DEBUG=1",
					"$(inherited)",
				);
				GCC_WARN_64_TO_32_BIT_CONVERSION = YES;
				GCC_WARN_ABOUT_RETURN_TYPE = YES_ERROR;
				GCC_WARN_UNDECLARED_SELECTOR = YES;
				GCC_WARN_UNINITIALIZED_AUTOS = YES_AGGRESSIVE;
				GCC_WARN_UNUSED_FUNCTION = YES;
				GCC_WARN_UNUSED_VARIABLE = YES;
				IPHONEOS_DEPLOYMENT_TARGET = 12.1;
				MTL_ENABLE_DEBUG_INFO = INCLUDE_SOURCE;
				MTL_FAST_MATH = YES;
				ONLY_ACTIVE_ARCH = YES;
				SDKROOT = iphoneos;
				SWIFT_ACTIVE_COMPILATION_CONDITIONS = DEBUG;
				SWIFT_OPTIMIZATION_LEVEL = "-Onone";
			};
			name = Debug;
		};
		11F8A9662247E91500A816F2 /* Release */ = {
			isa = XCBuildConfiguration;
			buildSettings = {
				ALWAYS_SEARCH_USER_PATHS = NO;
				CLANG_ANALYZER_NONNULL = YES;
				CLANG_ANALYZER_NUMBER_OBJECT_CONVERSION = YES_AGGRESSIVE;
				CLANG_CXX_LANGUAGE_STANDARD = "gnu++14";
				CLANG_CXX_LIBRARY = "libc++";
				CLANG_ENABLE_MODULES = YES;
				CLANG_ENABLE_OBJC_ARC = YES;
				CLANG_ENABLE_OBJC_WEAK = YES;
				CLANG_WARN_BLOCK_CAPTURE_AUTORELEASING = YES;
				CLANG_WARN_BOOL_CONVERSION = YES;
				CLANG_WARN_COMMA = YES;
				CLANG_WARN_CONSTANT_CONVERSION = YES;
				CLANG_WARN_DEPRECATED_OBJC_IMPLEMENTATIONS = YES;
				CLANG_WARN_DIRECT_OBJC_ISA_USAGE = YES_ERROR;
				CLANG_WARN_DOCUMENTATION_COMMENTS = YES;
				CLANG_WARN_EMPTY_BODY = YES;
				CLANG_WARN_ENUM_CONVERSION = YES;
				CLANG_WARN_INFINITE_RECURSION = YES;
				CLANG_WARN_INT_CONVERSION = YES;
				CLANG_WARN_NON_LITERAL_NULL_CONVERSION = YES;
				CLANG_WARN_OBJC_IMPLICIT_RETAIN_SELF = YES;
				CLANG_WARN_OBJC_LITERAL_CONVERSION = YES;
				CLANG_WARN_OBJC_ROOT_CLASS = YES_ERROR;
				CLANG_WARN_RANGE_LOOP_ANALYSIS = YES;
				CLANG_WARN_STRICT_PROTOTYPES = YES;
				CLANG_WARN_SUSPICIOUS_MOVE = YES;
				CLANG_WARN_UNGUARDED_AVAILABILITY = YES_AGGRESSIVE;
				CLANG_WARN_UNREACHABLE_CODE = YES;
				CLANG_WARN__DUPLICATE_METHOD_MATCH = YES;
				CODE_SIGN_IDENTITY = "iPhone Developer";
				COPY_PHASE_STRIP = NO;
				DEBUG_INFORMATION_FORMAT = "dwarf-with-dsym";
				ENABLE_NS_ASSERTIONS = NO;
				ENABLE_STRICT_OBJC_MSGSEND = YES;
				GCC_C_LANGUAGE_STANDARD = gnu11;
				GCC_NO_COMMON_BLOCKS = YES;
				GCC_WARN_64_TO_32_BIT_CONVERSION = YES;
				GCC_WARN_ABOUT_RETURN_TYPE = YES_ERROR;
				GCC_WARN_UNDECLARED_SELECTOR = YES;
				GCC_WARN_UNINITIALIZED_AUTOS = YES_AGGRESSIVE;
				GCC_WARN_UNUSED_FUNCTION = YES;
				GCC_WARN_UNUSED_VARIABLE = YES;
				IPHONEOS_DEPLOYMENT_TARGET = 12.1;
				MTL_ENABLE_DEBUG_INFO = NO;
				MTL_FAST_MATH = YES;
				SDKROOT = iphoneos;
				SWIFT_COMPILATION_MODE = wholemodule;
				SWIFT_OPTIMIZATION_LEVEL = "-O";
				VALIDATE_PRODUCT = YES;
			};
			name = Release;
		};
		11F8A9682247E91500A816F2 /* Debug */ = {
			isa = XCBuildConfiguration;
			baseConfigurationReference = 380B58A929F8204E4CEC1219 /* Pods-Fyber FairBid.debug.xcconfig */;
			buildSettings = {
				ASSETCATALOG_COMPILER_APPICON_NAME = AppIcon;
				CODE_SIGN_STYLE = Automatic;
				DEFINES_MODULE = NO;
				DEVELOPMENT_TEAM = P65VEJ9422;
				FRAMEWORK_SEARCH_PATHS = (
					"$(inherited)",
					"$(PROJECT_DIR)/Pods/FairBidSDK",
				);
				INFOPLIST_FILE = "Fyber FairBid/Info.plist";
				IPHONEOS_DEPLOYMENT_TARGET = 9.0;
				LD_RUNPATH_SEARCH_PATHS = (
					"$(inherited)",
					"@executable_path/Frameworks",
				);
				PRODUCT_BUNDLE_IDENTIFIER = "com.Fyber.Fyber-FairBid";
				PRODUCT_NAME = "$(TARGET_NAME)";
				SWIFT_OBJC_BRIDGING_HEADER = "$(PROJECT_DIR)/Fyber FairBid/FyberFairBid-Bridging-Header.h";
				SWIFT_PRECOMPILE_BRIDGING_HEADER = YES;
				SWIFT_VERSION = 4.2;
				TARGETED_DEVICE_FAMILY = "1,2";
			};
			name = Debug;
		};
		11F8A9692247E91500A816F2 /* Release */ = {
			isa = XCBuildConfiguration;
			baseConfigurationReference = B2F697F776F7D25834E2C824 /* Pods-Fyber FairBid.release.xcconfig */;
			buildSettings = {
				ASSETCATALOG_COMPILER_APPICON_NAME = AppIcon;
				CODE_SIGN_STYLE = Automatic;
				DEFINES_MODULE = NO;
				DEVELOPMENT_TEAM = P65VEJ9422;
				FRAMEWORK_SEARCH_PATHS = (
					"$(inherited)",
					"$(PROJECT_DIR)/Pods/FairBidSDK",
				);
				INFOPLIST_FILE = "Fyber FairBid/Info.plist";
				IPHONEOS_DEPLOYMENT_TARGET = 9.0;
				LD_RUNPATH_SEARCH_PATHS = (
					"$(inherited)",
					"@executable_path/Frameworks",
				);
				PRODUCT_BUNDLE_IDENTIFIER = "com.Fyber.Fyber-FairBid";
				PRODUCT_NAME = "$(TARGET_NAME)";
				SWIFT_OBJC_BRIDGING_HEADER = "$(PROJECT_DIR)/Fyber FairBid/FyberFairBid-Bridging-Header.h";
				SWIFT_PRECOMPILE_BRIDGING_HEADER = YES;
				SWIFT_VERSION = 4.2;
				TARGETED_DEVICE_FAMILY = "1,2";
			};
			name = Release;
		};
		11F8A96B2247E91500A816F2 /* Debug */ = {
			isa = XCBuildConfiguration;
			buildSettings = {
				ALWAYS_EMBED_SWIFT_STANDARD_LIBRARIES = YES;
				BUNDLE_LOADER = "$(TEST_HOST)";
				CODE_SIGN_STYLE = Automatic;
				DEVELOPMENT_TEAM = P65VEJ9422;
				INFOPLIST_FILE = "Fyber FairBidTests/Info.plist";
				LD_RUNPATH_SEARCH_PATHS = (
					"$(inherited)",
					"@executable_path/Frameworks",
					"@loader_path/Frameworks",
				);
				PRODUCT_BUNDLE_IDENTIFIER = "com.Fyber.Fyber-FairBidTests";
				PRODUCT_NAME = "$(TARGET_NAME)";
				SWIFT_VERSION = 4.2;
				TARGETED_DEVICE_FAMILY = "1,2";
				TEST_HOST = "$(BUILT_PRODUCTS_DIR)/Fyber FairBid.app/Fyber FairBid";
			};
			name = Debug;
		};
		11F8A96C2247E91500A816F2 /* Release */ = {
			isa = XCBuildConfiguration;
			buildSettings = {
				ALWAYS_EMBED_SWIFT_STANDARD_LIBRARIES = YES;
				BUNDLE_LOADER = "$(TEST_HOST)";
				CODE_SIGN_STYLE = Automatic;
				DEVELOPMENT_TEAM = P65VEJ9422;
				INFOPLIST_FILE = "Fyber FairBidTests/Info.plist";
				LD_RUNPATH_SEARCH_PATHS = (
					"$(inherited)",
					"@executable_path/Frameworks",
					"@loader_path/Frameworks",
				);
				PRODUCT_BUNDLE_IDENTIFIER = "com.Fyber.Fyber-FairBidTests";
				PRODUCT_NAME = "$(TARGET_NAME)";
				SWIFT_VERSION = 4.2;
				TARGETED_DEVICE_FAMILY = "1,2";
				TEST_HOST = "$(BUILT_PRODUCTS_DIR)/Fyber FairBid.app/Fyber FairBid";
			};
			name = Release;
		};
		11F8A96E2247E91500A816F2 /* Debug */ = {
			isa = XCBuildConfiguration;
			buildSettings = {
				ALWAYS_EMBED_SWIFT_STANDARD_LIBRARIES = YES;
				CODE_SIGN_STYLE = Automatic;
				DEVELOPMENT_TEAM = P65VEJ9422;
				INFOPLIST_FILE = "Fyber FairBidUITests/Info.plist";
				LD_RUNPATH_SEARCH_PATHS = (
					"$(inherited)",
					"@executable_path/Frameworks",
					"@loader_path/Frameworks",
				);
				PRODUCT_BUNDLE_IDENTIFIER = "com.Fyber.Fyber-FairBidUITests";
				PRODUCT_NAME = "$(TARGET_NAME)";
				SWIFT_VERSION = 4.2;
				TARGETED_DEVICE_FAMILY = "1,2";
				TEST_TARGET_NAME = "Fyber FairBid";
			};
			name = Debug;
		};
		11F8A96F2247E91500A816F2 /* Release */ = {
			isa = XCBuildConfiguration;
			buildSettings = {
				ALWAYS_EMBED_SWIFT_STANDARD_LIBRARIES = YES;
				CODE_SIGN_STYLE = Automatic;
				DEVELOPMENT_TEAM = P65VEJ9422;
				INFOPLIST_FILE = "Fyber FairBidUITests/Info.plist";
				LD_RUNPATH_SEARCH_PATHS = (
					"$(inherited)",
					"@executable_path/Frameworks",
					"@loader_path/Frameworks",
				);
				PRODUCT_BUNDLE_IDENTIFIER = "com.Fyber.Fyber-FairBidUITests";
				PRODUCT_NAME = "$(TARGET_NAME)";
				SWIFT_VERSION = 4.2;
				TARGETED_DEVICE_FAMILY = "1,2";
				TEST_TARGET_NAME = "Fyber FairBid";
			};
			name = Release;
		};
/* End XCBuildConfiguration section */

/* Begin XCConfigurationList section */
		11F8A93A2247E91400A816F2 /* Build configuration list for PBXProject "Fyber FairBid" */ = {
			isa = XCConfigurationList;
			buildConfigurations = (
				11F8A9652247E91500A816F2 /* Debug */,
				11F8A9662247E91500A816F2 /* Release */,
			);
			defaultConfigurationIsVisible = 0;
			defaultConfigurationName = Release;
		};
		11F8A9672247E91500A816F2 /* Build configuration list for PBXNativeTarget "Fyber FairBid" */ = {
			isa = XCConfigurationList;
			buildConfigurations = (
				11F8A9682247E91500A816F2 /* Debug */,
				11F8A9692247E91500A816F2 /* Release */,
			);
			defaultConfigurationIsVisible = 0;
			defaultConfigurationName = Release;
		};
		11F8A96A2247E91500A816F2 /* Build configuration list for PBXNativeTarget "Fyber FairBidTests" */ = {
			isa = XCConfigurationList;
			buildConfigurations = (
				11F8A96B2247E91500A816F2 /* Debug */,
				11F8A96C2247E91500A816F2 /* Release */,
			);
			defaultConfigurationIsVisible = 0;
			defaultConfigurationName = Release;
		};
		11F8A96D2247E91500A816F2 /* Build configuration list for PBXNativeTarget "Fyber FairBidUITests" */ = {
			isa = XCConfigurationList;
			buildConfigurations = (
				11F8A96E2247E91500A816F2 /* Debug */,
				11F8A96F2247E91500A816F2 /* Release */,
			);
			defaultConfigurationIsVisible = 0;
			defaultConfigurationName = Release;
		};
/* End XCConfigurationList section */
	};
	rootObject = 11F8A9372247E91400A816F2 /* Project object */;
}
